
Microsoft Visual Studio Solution File, Format Version 12.00
# Visual Studio 15
VisualStudioVersion = 15.0.28307.539
MinimumVisualStudioVersion = 10.0.40219.1
Project("{FAE04EC0-301F-11D3-BF4B-00C04F79EFBC}") = "Examen_Final", "Examen_Final\Examen_Final.csproj", "{C8D8CFC4-02CD-4CEB-A0D9-FD880077CD11}"
EndProject
Global
	GlobalSection(SolutionConfigurationPlatforms) = preSolution
		Debug|Any CPU = Debug|Any CPU
		Release|Any CPU = Release|Any CPU
	EndGlobalSection
	GlobalSection(ProjectConfigurationPlatforms) = postSolution
		{C8D8CFC4-02CD-4CEB-A0D9-FD880077CD11}.Debug|Any CPU.ActiveCfg = Debug|Any CPU
		{C8D8CFC4-02CD-4CEB-A0D9-FD880077CD11}.Debug|Any CPU.Build.0 = Debug|Any CPU
		{C8D8CFC4-02CD-4CEB-A0D9-FD880077CD11}.Release|Any CPU.ActiveCfg = Release|Any CPU
		{C8D8CFC4-02CD-4CEB-A0D9-FD880077CD11}.Release|Any CPU.Build.0 = Release|Any CPU
	EndGlobalSection
	GlobalSection(SolutionProperties) = preSolution
		HideSolutionNode = FALSE
	EndGlobalSection
	GlobalSection(ExtensibilityGlobals) = postSolution
		SolutionGuid = {3488C6E9-273C-408F-BE03-12CC9C99169A}
	EndGlobalSection
EndGlobal
